
Microsoft Visual Studio Solution File, Format Version 12.00
# Visual Studio 2012
Project("{8BC9CEB8-8B4A-11D0-8D11-00A0C91BC942}") = "AboutService", "AboutService\AboutService.vcxproj", "{206E5990-3DE7-4C1A-A1FC-E2B1C49B12EE}"
EndProject
Project("{8BC9CEB8-8B4A-11D0-8D11-00A0C91BC942}") = "AboutClient", "AboutClient\AboutClient.vcxproj", "{C3AB30CF-2E10-4F05-802A-4D96097FAB8A}"
EndProject
Global
	GlobalSection(SolutionConfigurationPlatforms) = preSolution
		Debug|Mixed Platforms = Debug|Mixed Platforms
		Debug|Win32 = Debug|Win32
		Debug|x64 = Debug|x64
		Release|Mixed Platforms = Release|Mixed Platforms
		Release|Win32 = Release|Win32
		Release|x64 = Release|x64
	EndGlobalSection
	GlobalSection(ProjectConfigurationPlatforms) = postSolution
		{206E5990-3DE7-4C1A-A1FC-E2B1C49B12EE}.Debug|Mixed Platforms.ActiveCfg = Debug|x64
		{206E5990-3DE7-4C1A-A1FC-E2B1C49B12EE}.Debug|Mixed Platforms.Build.0 = Debug|x64
		{206E5990-3DE7-4C1A-A1FC-E2B1C49B12EE}.Debug|Win32.ActiveCfg = Debug|Win32
		{206E5990-3DE7-4C1A-A1FC-E2B1C49B12EE}.Debug|Win32.Build.0 = Debug|Win32
		{206E5990-3DE7-4C1A-A1FC-E2B1C49B12EE}.Debug|x64.ActiveCfg = Release|x64
		{206E5990-3DE7-4C1A-A1FC-E2B1C49B12EE}.Debug|x64.Build.0 = Release|x64
		{206E5990-3DE7-4C1A-A1FC-E2B1C49B12EE}.Release|Mixed Platforms.ActiveCfg = Release|x64
		{206E5990-3DE7-4C1A-A1FC-E2B1C49B12EE}.Release|Mixed Platforms.Build.0 = Release|x64
		{206E5990-3DE7-4C1A-A1FC-E2B1C49B12EE}.Release|Win32.ActiveCfg = Release|Win32
		{206E5990-3DE7-4C1A-A1FC-E2B1C49B12EE}.Release|Win32.Build.0 = Release|Win32
		{206E5990-3DE7-4C1A-A1FC-E2B1C49B12EE}.Release|x64.ActiveCfg = Release|x64
		{206E5990-3DE7-4C1A-A1FC-E2B1C49B12EE}.Release|x64.Build.0 = Release|x64
		{C3AB30CF-2E10-4F05-802A-4D96097FAB8A}.Debug|Mixed Platforms.ActiveCfg = Debug|x64
		{C3AB30CF-2E10-4F05-802A-4D96097FAB8A}.Debug|Mixed Platforms.Build.0 = Debug|x64
		{C3AB30CF-2E10-4F05-802A-4D96097FAB8A}.Debug|Win32.ActiveCfg = Debug|Win32
		{C3AB30CF-2E10-4F05-802A-4D96097FAB8A}.Debug|Win32.Build.0 = Debug|Win32
		{C3AB30CF-2E10-4F05-802A-4D96097FAB8A}.Debug|x64.ActiveCfg = Release|x64
		{C3AB30CF-2E10-4F05-802A-4D96097FAB8A}.Debug|x64.Build.0 = Release|x64
		{C3AB30CF-2E10-4F05-802A-4D96097FAB8A}.Release|Mixed Platforms.ActiveCfg = Release|x64
		{C3AB30CF-2E10-4F05-802A-4D96097FAB8A}.Release|Mixed Platforms.Build.0 = Release|x64
		{C3AB30CF-2E10-4F05-802A-4D96097FAB8A}.Release|Win32.ActiveCfg = Release|Win32
		{C3AB30CF-2E10-4F05-802A-4D96097FAB8A}.Release|Win32.Build.0 = Release|Win32
		{C3AB30CF-2E10-4F05-802A-4D96097FAB8A}.Release|x64.ActiveCfg = Release|x64
		{C3AB30CF-2E10-4F05-802A-4D96097FAB8A}.Release|x64.Build.0 = Release|x64
	EndGlobalSection
	GlobalSection(SolutionProperties) = preSolution
		HideSolutionNode = FALSE
	EndGlobalSection
EndGlobal
